{
  "lockfile_version": "1",
  "packages": {
    "just@latest": {
      "last_modified": "2024-10-13T23:44:06Z",
      "resolved": "github:NixOS/nixpkgs/d4f247e89f6e10120f911e2e2d2254a050d0f732#just",
      "source": "devbox-search",
      "version": "1.36.0",
      "systems": {
        "aarch64-darwin": {
          "outputs": [
            {
              "name": "out",
              "path": "/nix/store/lmm3kkb9v1d62mlrzwnyqiwxb2hdvfdh-just-1.36.0",
              "default": true
            },
            {
              "name": "man",
              "path": "/nix/store/p6jr4v2zwzifn29jm3nvwb5yai32bfca-just-1.36.0-man",
              "default": true
            },
            {
              "name": "doc",
              "path": "/nix/store/gr4nlvz2jjs30g173fnspgmz3yd33k6a-just-1.36.0-doc"
            }
          ],
          "store_path": "/nix/store/lmm3kkb9v1d62mlrzwnyqiwxb2hdvfdh-just-1.36.0"
        },
        "aarch64-linux": {
          "outputs": [
            {
              "name": "out",
              "path": "/nix/store/b7wmjsdpw86d486s5sxpw40fnp527zga-just-1.36.0",
              "default": true
            },
            {
              "name": "man",
              "path": "/nix/store/40q16fi2sxzx13l31s8y8sc1jv57jm3l-just-1.36.0-man",
              "default": true
            },
            {
              "name": "doc",
              "path": "/nix/store/b7wkw55yd0nsnglksr8yamjbmy2d6cgb-just-1.36.0-doc"
            }
          ],
          "store_path": "/nix/store/b7wmjsdpw86d486s5sxpw40fnp527zga-just-1.36.0"
        },
        "x86_64-darwin": {
          "outputs": [
            {
              "name": "out",
              "path": "/nix/store/rv6wg4h6sg7k4xyhsmwky8jjag0fnrx5-just-1.36.0",
              "default": true
            },
            {
              "name": "man",
              "path": "/nix/store/vvzyrp0n1ivg7qny1ylx5r54hn025h3f-just-1.36.0-man",
              "default": true
            },
            {
              "name": "doc",
              "path": "/nix/store/4r7sln3x3z1pfmi5acshgcc5wbd3f04v-just-1.36.0-doc"
            }
          ],
          "store_path": "/nix/store/rv6wg4h6sg7k4xyhsmwky8jjag0fnrx5-just-1.36.0"
        },
        "x86_64-linux": {
          "outputs": [
            {
              "name": "out",
              "path": "/nix/store/phhxwxxhnd4dc14rckxsmym2ikiws97p-just-1.36.0",
              "default": true
            },
            {
              "name": "man",
              "path": "/nix/store/ki2fhzk2pkfz36b17ykg4zmpfrlk1i50-just-1.36.0-man",
              "default": true
            },
            {
              "name": "doc",
              "path": "/nix/store/g3zm7jfzalsyy2y1ginciivi5r8kdslk-just-1.36.0-doc"
            }
          ],
          "store_path": "/nix/store/phhxwxxhnd4dc14rckxsmym2ikiws97p-just-1.36.0"
        }
      }
    },
    "kind@latest": {
      "last_modified": "2024-10-13T23:44:06Z",
      "resolved": "github:NixOS/nixpkgs/d4f247e89f6e10120f911e2e2d2254a050d0f732#kind",
      "source": "devbox-search",
      "version": "0.24.0",
      "systems": {
        "aarch64-darwin": {
          "outputs": [
            {
              "name": "out",
              "path": "/nix/store/gh5i0rfg4ddan0z2jn768isa7ppkrw3k-kind-0.24.0",
              "default": true
            }
          ],
          "store_path": "/nix/store/gh5i0rfg4ddan0z2jn768isa7ppkrw3k-kind-0.24.0"
        },
        "aarch64-linux": {
          "outputs": [
            {
              "name": "out",
              "path": "/nix/store/i1f1n1vkwq4frksgkjb1q4fk4dnw2r0s-kind-0.24.0",
              "default": true
            }
          ],
          "store_path": "/nix/store/i1f1n1vkwq4frksgkjb1q4fk4dnw2r0s-kind-0.24.0"
        },
        "x86_64-darwin": {
          "outputs": [
            {
              "name": "out",
              "path": "/nix/store/0a31m1clp16smjapp0jqg8xlqpqfy9nm-kind-0.24.0",
              "default": true
            }
          ],
          "store_path": "/nix/store/0a31m1clp16smjapp0jqg8xlqpqfy9nm-kind-0.24.0"
        },
        "x86_64-linux": {
          "outputs": [
            {
              "name": "out",
              "path": "/nix/store/f9bjjdk9ydihp12n7wq72hhgiyk8pvln-kind-0.24.0",
              "default": true
            }
          ],
          "store_path": "/nix/store/f9bjjdk9ydihp12n7wq72hhgiyk8pvln-kind-0.24.0"
        }
      }
    },
    "kubernetes-helm@latest": {
      "last_modified": "2024-10-26T14:05:56Z",
      "resolved": "github:NixOS/nixpkgs/4e0eec54db79d4d0909f45a88037210ff8eaffee#kubernetes-helm",
      "source": "devbox-search",
      "version": "3.16.2",
      "systems": {
        "aarch64-darwin": {
          "outputs": [
            {
              "name": "out",
              "path": "/nix/store/idlvhs4zs349wf77znrxxyshvcp4bd9l-kubernetes-helm-3.16.2",
              "default": true
            }
          ],
          "store_path": "/nix/store/idlvhs4zs349wf77znrxxyshvcp4bd9l-kubernetes-helm-3.16.2"
        },
        "aarch64-linux": {
          "outputs": [
            {
              "name": "out",
              "path": "/nix/store/6mn1p7dq1x7cp29jf7jrzk45l4zc39xa-kubernetes-helm-3.16.2",
              "default": true
            }
          ],
          "store_path": "/nix/store/6mn1p7dq1x7cp29jf7jrzk45l4zc39xa-kubernetes-helm-3.16.2"
        },
        "x86_64-darwin": {
          "outputs": [
            {
              "name": "out",
              "path": "/nix/store/ms18g5bs5xpzncxgkm89xa9s33g5zcpr-kubernetes-helm-3.16.2",
              "default": true
            }
          ],
          "store_path": "/nix/store/ms18g5bs5xpzncxgkm89xa9s33g5zcpr-kubernetes-helm-3.16.2"
        },
        "x86_64-linux": {
          "outputs": [
            {
              "name": "out",
              "path": "/nix/store/d54j0f8sr1mmkwhlvq8y7148vm4qlivd-kubernetes-helm-3.16.2",
              "default": true
            }
          ],
          "store_path": "/nix/store/d54j0f8sr1mmkwhlvq8y7148vm4qlivd-kubernetes-helm-3.16.2"
        }
      }
    }
  }
}
